
Microsoft Visual Studio Solution File, Format Version 12.00
Project("{FAE04EC0-301F-11D3-BF4B-00C04F79EFBC}") = "EditDirComment", "EditDirComment\EditDirComment.csproj", "{5A773F75-A9E8-4610-9350-5AF8BD381B05}"
EndProject
Project("{FAE04EC0-301F-11D3-BF4B-00C04F79EFBC}") = "EditWindow", "EditWindow\EditWindow.csproj", "{0E367603-DADF-419B-BED6-182935704034}"
EndProject
Global
	GlobalSection(SolutionConfigurationPlatforms) = preSolution
		Debug|Any CPU = Debug|Any CPU
		Release|Any CPU = Release|Any CPU
	EndGlobalSection
	GlobalSection(ProjectConfigurationPlatforms) = postSolution
		{5A773F75-A9E8-4610-9350-5AF8BD381B05}.Debug|Any CPU.ActiveCfg = Debug|Any CPU
		{5A773F75-A9E8-4610-9350-5AF8BD381B05}.Debug|Any CPU.Build.0 = Debug|Any CPU
		{5A773F75-A9E8-4610-9350-5AF8BD381B05}.Release|Any CPU.ActiveCfg = Release|Any CPU
		{5A773F75-A9E8-4610-9350-5AF8BD381B05}.Release|Any CPU.Build.0 = Release|Any CPU
		{0E367603-DADF-419B-BED6-182935704034}.Debug|Any CPU.ActiveCfg = Debug|Any CPU
		{0E367603-DADF-419B-BED6-182935704034}.Debug|Any CPU.Build.0 = Debug|Any CPU
		{0E367603-DADF-419B-BED6-182935704034}.Release|Any CPU.ActiveCfg = Release|Any CPU
		{0E367603-DADF-419B-BED6-182935704034}.Release|Any CPU.Build.0 = Release|Any CPU
	EndGlobalSection
EndGlobal
